
Microsoft Visual Studio Solution File, Format Version 12.00
# Visual Studio 2017
Project("{FAE04EC0-301F-11D3-BF4B-00C04F79EFBC}") = "SHSMobileGame", "SHSMobileGame.csproj", "{0C86611F-AE58-3B75-3855-15BBD3B77D45}"
EndProject
Project("{FAE04EC0-301F-11D3-BF4B-00C04F79EFBC}") = "SHSMobileGame.Editor", "SHSMobileGame.Editor.csproj", "{F27D4226-1326-1A12-2013-8716B76D5238}"
EndProject
Global
	GlobalSection(SolutionConfigurationPlatforms) = preSolution
		Debug|Any CPU = Debug|Any CPU
		Release|Any CPU = Release|Any CPU
	EndGlobalSection
	GlobalSection(ProjectConfigurationPlatforms) = postSolution
		{0C86611F-AE58-3B75-3855-15BBD3B77D45}.Debug|Any CPU.ActiveCfg = Debug|Any CPU
		{0C86611F-AE58-3B75-3855-15BBD3B77D45}.Debug|Any CPU.Build.0 = Debug|Any CPU
		{0C86611F-AE58-3B75-3855-15BBD3B77D45}.Release|Any CPU.ActiveCfg = Release|Any CPU
		{0C86611F-AE58-3B75-3855-15BBD3B77D45}.Release|Any CPU.Build.0 = Release|Any CPU
		{F27D4226-1326-1A12-2013-8716B76D5238}.Debug|Any CPU.ActiveCfg = Debug|Any CPU
		{F27D4226-1326-1A12-2013-8716B76D5238}.Debug|Any CPU.Build.0 = Debug|Any CPU
		{F27D4226-1326-1A12-2013-8716B76D5238}.Release|Any CPU.ActiveCfg = Release|Any CPU
		{F27D4226-1326-1A12-2013-8716B76D5238}.Release|Any CPU.Build.0 = Release|Any CPU
	EndGlobalSection
	GlobalSection(SolutionProperties) = preSolution
		HideSolutionNode = FALSE
	EndGlobalSection
EndGlobal
